
Microsoft Visual Studio Solution File, Format Version 10.00
# Visual C++ Express 2008
Project("{8BC9CEB8-8B4A-11D0-8D11-00A0C91BC942}") = "Iterator", "Iterator.vcproj", "{941EC6D2-5C45-4EFF-B2B3-0B00B574666E}"
EndProject
Global
	GlobalSection(SolutionConfigurationPlatforms) = preSolution
		Debug|Win32 = Debug|Win32
		Release|Win32 = Release|Win32
	EndGlobalSection
	GlobalSection(ProjectConfigurationPlatforms) = postSolution
		{941EC6D2-5C45-4EFF-B2B3-0B00B574666E}.Debug|Win32.ActiveCfg = Debug|Win32
		{941EC6D2-5C45-4EFF-B2B3-0B00B574666E}.Debug|Win32.Build.0 = Debug|Win32
		{941EC6D2-5C45-4EFF-B2B3-0B00B574666E}.Release|Win32.ActiveCfg = Release|Win32
		{941EC6D2-5C45-4EFF-B2B3-0B00B574666E}.Release|Win32.Build.0 = Release|Win32
	EndGlobalSection
	GlobalSection(SolutionProperties) = preSolution
		HideSolutionNode = FALSE
	EndGlobalSection
EndGlobal
